
Microsoft Visual Studio Solution File, Format Version 12.00
# Visual Studio 15
VisualStudioVersion = 15.0.28010.2050
MinimumVisualStudioVersion = 10.0.40219.1
Project("{FAE04EC0-301F-11D3-BF4B-00C04F79EFBC}") = "SlackMessageConverter.Core", "SlackMessageConverter-Core\SlackMessageConverter.Core.csproj", "{564F830B-BDD8-4341-94F8-B0CCAF2D16AC}"
EndProject
Global
	GlobalSection(SolutionConfigurationPlatforms) = preSolution
		Debug|Any CPU = Debug|Any CPU
		Release|Any CPU = Release|Any CPU
	EndGlobalSection
	GlobalSection(ProjectConfigurationPlatforms) = postSolution
		{564F830B-BDD8-4341-94F8-B0CCAF2D16AC}.Debug|Any CPU.ActiveCfg = Debug|Any CPU
		{564F830B-BDD8-4341-94F8-B0CCAF2D16AC}.Debug|Any CPU.Build.0 = Debug|Any CPU
		{564F830B-BDD8-4341-94F8-B0CCAF2D16AC}.Release|Any CPU.ActiveCfg = Release|Any CPU
		{564F830B-BDD8-4341-94F8-B0CCAF2D16AC}.Release|Any CPU.Build.0 = Release|Any CPU
	EndGlobalSection
	GlobalSection(SolutionProperties) = preSolution
		HideSolutionNode = FALSE
	EndGlobalSection
	GlobalSection(ExtensibilityGlobals) = postSolution
		SolutionGuid = {11E53006-F168-4009-89B2-651431519653}
	EndGlobalSection
EndGlobal
